
Microsoft Visual Studio Solution File, Format Version 12.00
# Visual Studio 14
VisualStudioVersion = 14.0.22823.1
MinimumVisualStudioVersion = 10.0.40219.1
Project("{FAE04EC0-301F-11D3-BF4B-00C04F79EFBC}") = "AdaptiveUIDemo", "AdaptiveUIDemo\AdaptiveUIDemo.csproj", "{5CED9CA1-2A81-4706-B290-A34B5674E36F}"
EndProject
Project("{FAE04EC0-301F-11D3-BF4B-00C04F79EFBC}") = "AlgorithmTests", "AlgorithmTests\AlgorithmTests.csproj", "{FC53A6B1-06A6-45BE-94D0-6FDCEF346E96}"
EndProject
Global
	GlobalSection(SolutionConfigurationPlatforms) = preSolution
		Debug|Any CPU = Debug|Any CPU
		Release|Any CPU = Release|Any CPU
	EndGlobalSection
	GlobalSection(ProjectConfigurationPlatforms) = postSolution
		{5CED9CA1-2A81-4706-B290-A34B5674E36F}.Debug|Any CPU.ActiveCfg = Debug|Any CPU
		{5CED9CA1-2A81-4706-B290-A34B5674E36F}.Debug|Any CPU.Build.0 = Debug|Any CPU
		{5CED9CA1-2A81-4706-B290-A34B5674E36F}.Release|Any CPU.ActiveCfg = Release|Any CPU
		{5CED9CA1-2A81-4706-B290-A34B5674E36F}.Release|Any CPU.Build.0 = Release|Any CPU
		{FC53A6B1-06A6-45BE-94D0-6FDCEF346E96}.Debug|Any CPU.ActiveCfg = Debug|Any CPU
		{FC53A6B1-06A6-45BE-94D0-6FDCEF346E96}.Debug|Any CPU.Build.0 = Debug|Any CPU
		{FC53A6B1-06A6-45BE-94D0-6FDCEF346E96}.Release|Any CPU.ActiveCfg = Release|Any CPU
		{FC53A6B1-06A6-45BE-94D0-6FDCEF346E96}.Release|Any CPU.Build.0 = Release|Any CPU
	EndGlobalSection
	GlobalSection(SolutionProperties) = preSolution
		HideSolutionNode = FALSE
	EndGlobalSection
EndGlobal
